
Microsoft Visual Studio Solution File, Format Version 12.00
# Visual Studio Version 16
VisualStudioVersion = 16.0.31025.194
MinimumVisualStudioVersion = 10.0.40219.1
Project("{FAE04EC0-301F-11D3-BF4B-00C04F79EFBC}") = "EmployeeAPI", "EmployeeAPI.csproj", "{3ED7B49E-4A5E-43B8-967C-7C4BF0519D3F}"
EndProject
Project("{FAE04EC0-301F-11D3-BF4B-00C04F79EFBC}") = "EmployeeBusinessLayer", "..\EmployeeBusinessLayer\EmployeeBusinessLayer.csproj", "{CD381064-BA27-41FE-B612-DC4B2BA15587}"
EndProject
Global
	GlobalSection(SolutionConfigurationPlatforms) = preSolution
		Debug|Any CPU = Debug|Any CPU
		Release|Any CPU = Release|Any CPU
	EndGlobalSection
	GlobalSection(ProjectConfigurationPlatforms) = postSolution
		{3ED7B49E-4A5E-43B8-967C-7C4BF0519D3F}.Debug|Any CPU.ActiveCfg = Debug|Any CPU
		{3ED7B49E-4A5E-43B8-967C-7C4BF0519D3F}.Debug|Any CPU.Build.0 = Debug|Any CPU
		{3ED7B49E-4A5E-43B8-967C-7C4BF0519D3F}.Release|Any CPU.ActiveCfg = Release|Any CPU
		{3ED7B49E-4A5E-43B8-967C-7C4BF0519D3F}.Release|Any CPU.Build.0 = Release|Any CPU
		{CD381064-BA27-41FE-B612-DC4B2BA15587}.Debug|Any CPU.ActiveCfg = Debug|Any CPU
		{CD381064-BA27-41FE-B612-DC4B2BA15587}.Debug|Any CPU.Build.0 = Debug|Any CPU
		{CD381064-BA27-41FE-B612-DC4B2BA15587}.Release|Any CPU.ActiveCfg = Release|Any CPU
		{CD381064-BA27-41FE-B612-DC4B2BA15587}.Release|Any CPU.Build.0 = Release|Any CPU
	EndGlobalSection
	GlobalSection(SolutionProperties) = preSolution
		HideSolutionNode = FALSE
	EndGlobalSection
	GlobalSection(ExtensibilityGlobals) = postSolution
		SolutionGuid = {0A88BA70-D0A6-4E7B-8391-90C3BAC92957}
	EndGlobalSection
EndGlobal
